
Microsoft Visual Studio Solution File, Format Version 12.00
# Visual Studio 15
VisualStudioVersion = 15.0.27703.2018
MinimumVisualStudioVersion = 10.0.40219.1
Project("{FAE04EC0-301F-11D3-BF4B-00C04F79EFBC}") = "VoyagerImageDecoder", "VoyagerImageDecoder\VoyagerImageDecoder.csproj", "{7036BFD9-E55E-428F-9E8A-8CE6BBE933CC}"
EndProject
Global
	GlobalSection(SolutionConfigurationPlatforms) = preSolution
		Debug|Any CPU = Debug|Any CPU
		Release|Any CPU = Release|Any CPU
	EndGlobalSection
	GlobalSection(ProjectConfigurationPlatforms) = postSolution
		{7036BFD9-E55E-428F-9E8A-8CE6BBE933CC}.Debug|Any CPU.ActiveCfg = Debug|Any CPU
		{7036BFD9-E55E-428F-9E8A-8CE6BBE933CC}.Debug|Any CPU.Build.0 = Debug|Any CPU
		{7036BFD9-E55E-428F-9E8A-8CE6BBE933CC}.Release|Any CPU.ActiveCfg = Release|Any CPU
		{7036BFD9-E55E-428F-9E8A-8CE6BBE933CC}.Release|Any CPU.Build.0 = Release|Any CPU
	EndGlobalSection
	GlobalSection(SolutionProperties) = preSolution
		HideSolutionNode = FALSE
	EndGlobalSection
	GlobalSection(ExtensibilityGlobals) = postSolution
		SolutionGuid = {68C69A40-62C5-45D0-BED3-F187CB42F58B}
	EndGlobalSection
EndGlobal
